// !$*UTF8*$!
{
	archiveVersion = 1;
	classes = {
	};
	objectVersion = 56;
	objects = {

/* Begin PBXBuildFile section */
		67D1EC3D2C6E37A700A2A2B6 /* AppDelegate.swift in Sources */ = {isa = PBXBuildFile; fileRef = 67D1EC3C2C6E37A700A2A2B6 /* AppDelegate.swift */; };
		67D1EC3F2C6E37A700A2A2B6 /* SceneDelegate.swift in Sources */ = {isa = PBXBuildFile; fileRef = 67D1EC3E2C6E37A700A2A2B6 /* SceneDelegate.swift */; };
		67D1EC412C6E37A700A2A2B6 /* ViewController.swift in Sources */ = {isa = PBXBuildFile; fileRef = 67D1EC402C6E37A700A2A2B6 /* ViewController.swift */; };
		67D1EC462C6E37A800A2A2B6 /* Assets.xcassets in Resources */ = {isa = PBXBuildFile; fileRef = 67D1EC452C6E37A800A2A2B6 /* Assets.xcassets */; };
		67D1EC492C6E37A800A2A2B6 /* Base in Resources */ = {isa = PBXBuildFile; fileRef = 67D1EC482C6E37A800A2A2B6 /* Base */; };
		67D1EC542C6E37A800A2A2B6 /* GymSharkTests.swift in Sources */ = {isa = PBXBuildFile; fileRef = 67D1EC532C6E37A800A2A2B6 /* GymSharkTests.swift */; };
		67D1EC5E2C6E37A800A2A2B6 /* GymSharkUITests.swift in Sources */ = {isa = PBXBuildFile; fileRef = 67D1EC5D2C6E37A800A2A2B6 /* GymSharkUITests.swift */; };
		67D1EC602C6E37A800A2A2B6 /* GymSharkUITestsLaunchTests.swift in Sources */ = {isa = PBXBuildFile; fileRef = 67D1EC5F2C6E37A800A2A2B6 /* GymSharkUITestsLaunchTests.swift */; };
		67D1EC732C6E3DD100A2A2B6 /* NetworkManager.swift in Sources */ = {isa = PBXBuildFile; fileRef = 67D1EC722C6E3DD100A2A2B6 /* NetworkManager.swift */; };
		67D1EC752C6E45A500A2A2B6 /* GymsharkProducts.swift in Sources */ = {isa = PBXBuildFile; fileRef = 67D1EC742C6E45A500A2A2B6 /* GymsharkProducts.swift */; };
		67D1EC772C6E49B200A2A2B6 /* Constants.swift in Sources */ = {isa = PBXBuildFile; fileRef = 67D1EC762C6E49B200A2A2B6 /* Constants.swift */; };
		67D1EC792C6E4A6000A2A2B6 /* GSError.swift in Sources */ = {isa = PBXBuildFile; fileRef = 67D1EC782C6E4A6000A2A2B6 /* GSError.swift */; };
		67D1EC7C2C6E5B4400A2A2B6 /* GSAlertVC.swift in Sources */ = {isa = PBXBuildFile; fileRef = 67D1EC7B2C6E5B4400A2A2B6 /* GSAlertVC.swift */; };
		67D1EC7F2C6E5B5F00A2A2B6 /* GSAlertContainerView.swift in Sources */ = {isa = PBXBuildFile; fileRef = 67D1EC7E2C6E5B5F00A2A2B6 /* GSAlertContainerView.swift */; };
		67D1EC842C6E5BDB00A2A2B6 /* GSTitleLabel.swift in Sources */ = {isa = PBXBuildFile; fileRef = 67D1EC832C6E5BDB00A2A2B6 /* GSTitleLabel.swift */; };
		67D1EC862C6E5BF400A2A2B6 /* GSBodyLabel.swift in Sources */ = {isa = PBXBuildFile; fileRef = 67D1EC852C6E5BF400A2A2B6 /* GSBodyLabel.swift */; };
		67D1EC882C6E5C8100A2A2B6 /* GSButton.swift in Sources */ = {isa = PBXBuildFile; fileRef = 67D1EC872C6E5C8100A2A2B6 /* GSButton.swift */; };
		67D1EC8B2C6E5D3100A2A2B6 /* UIView+Ext.swift in Sources */ = {isa = PBXBuildFile; fileRef = 67D1EC8A2C6E5D3100A2A2B6 /* UIView+Ext.swift */; };
		67D1EC8D2C6E5E7500A2A2B6 /* UIViewController+Ext.swift in Sources */ = {isa = PBXBuildFile; fileRef = 67D1EC8C2C6E5E7500A2A2B6 /* UIViewController+Ext.swift */; };
		67D1EC902C6E604F00A2A2B6 /* GSDataLoadingVC.swift in Sources */ = {isa = PBXBuildFile; fileRef = 67D1EC8F2C6E604F00A2A2B6 /* GSDataLoadingVC.swift */; };
		67D1EC942C6E71E200A2A2B6 /* GSCollectionView.swift in Sources */ = {isa = PBXBuildFile; fileRef = 67D1EC932C6E71E200A2A2B6 /* GSCollectionView.swift */; };
		67D1EC962C6E72E700A2A2B6 /* AppLayout.swift in Sources */ = {isa = PBXBuildFile; fileRef = 67D1EC952C6E72E700A2A2B6 /* AppLayout.swift */; };
/* End PBXBuildFile section */

/* Begin PBXContainerItemProxy section */
		67D1EC502C6E37A800A2A2B6 /* PBXContainerItemProxy */ = {
			isa = PBXContainerItemProxy;
			containerPortal = 67D1EC312C6E37A700A2A2B6 /* Project object */;
			proxyType = 1;
			remoteGlobalIDString = 67D1EC382C6E37A700A2A2B6;
			remoteInfo = GymShark;
		};
		67D1EC5A2C6E37A800A2A2B6 /* PBXContainerItemProxy */ = {
			isa = PBXContainerItemProxy;
			containerPortal = 67D1EC312C6E37A700A2A2B6 /* Project object */;
			proxyType = 1;
			remoteGlobalIDString = 67D1EC382C6E37A700A2A2B6;
			remoteInfo = GymShark;
		};
/* End PBXContainerItemProxy section */

/* Begin PBXFileReference section */
		67D1EC392C6E37A700A2A2B6 /* GymShark.app */ = {isa = PBXFileReference; explicitFileType = wrapper.application; includeInIndex = 0; path = GymShark.app; sourceTree = BUILT_PRODUCTS_DIR; };
		67D1EC3C2C6E37A700A2A2B6 /* AppDelegate.swift */ = {isa = PBXFileReference; lastKnownFileType = sourcecode.swift; path = AppDelegate.swift; sourceTree = "<group>"; };
		67D1EC3E2C6E37A700A2A2B6 /* SceneDelegate.swift */ = {isa = PBXFileReference; lastKnownFileType = sourcecode.swift; path = SceneDelegate.swift; sourceTree = "<group>"; };
		67D1EC402C6E37A700A2A2B6 /* ViewController.swift */ = {isa = PBXFileReference; lastKnownFileType = sourcecode.swift; path = ViewController.swift; sourceTree = "<group>"; };
		67D1EC452C6E37A800A2A2B6 /* Assets.xcassets */ = {isa = PBXFileReference; lastKnownFileType = folder.assetcatalog; path = Assets.xcassets; sourceTree = "<group>"; };
		67D1EC482C6E37A800A2A2B6 /* Base */ = {isa = PBXFileReference; lastKnownFileType = file.storyboard; name = Base; path = Base.lproj/LaunchScreen.storyboard; sourceTree = "<group>"; };
		67D1EC4A2C6E37A800A2A2B6 /* Info.plist */ = {isa = PBXFileReference; lastKnownFileType = text.plist.xml; path = Info.plist; sourceTree = "<group>"; };
		67D1EC4F2C6E37A800A2A2B6 /* GymSharkTests.xctest */ = {isa = PBXFileReference; explicitFileType = wrapper.cfbundle; includeInIndex = 0; path = GymSharkTests.xctest; sourceTree = BUILT_PRODUCTS_DIR; };
		67D1EC532C6E37A800A2A2B6 /* GymSharkTests.swift */ = {isa = PBXFileReference; lastKnownFileType = sourcecode.swift; path = GymSharkTests.swift; sourceTree = "<group>"; };
		67D1EC592C6E37A800A2A2B6 /* GymSharkUITests.xctest */ = {isa = PBXFileReference; explicitFileType = wrapper.cfbundle; includeInIndex = 0; path = GymSharkUITests.xctest; sourceTree = BUILT_PRODUCTS_DIR; };
		67D1EC5D2C6E37A800A2A2B6 /* GymSharkUITests.swift */ = {isa = PBXFileReference; lastKnownFileType = sourcecode.swift; path = GymSharkUITests.swift; sourceTree = "<group>"; };
		67D1EC5F2C6E37A800A2A2B6 /* GymSharkUITestsLaunchTests.swift */ = {isa = PBXFileReference; lastKnownFileType = sourcecode.swift; path = GymSharkUITestsLaunchTests.swift; sourceTree = "<group>"; };
		67D1EC722C6E3DD100A2A2B6 /* NetworkManager.swift */ = {isa = PBXFileReference; lastKnownFileType = sourcecode.swift; path = NetworkManager.swift; sourceTree = "<group>"; };
		67D1EC742C6E45A500A2A2B6 /* GymsharkProducts.swift */ = {isa = PBXFileReference; lastKnownFileType = sourcecode.swift; path = GymsharkProducts.swift; sourceTree = "<group>"; };
		67D1EC762C6E49B200A2A2B6 /* Constants.swift */ = {isa = PBXFileReference; lastKnownFileType = sourcecode.swift; path = Constants.swift; sourceTree = "<group>"; };
		67D1EC782C6E4A6000A2A2B6 /* GSError.swift */ = {isa = PBXFileReference; lastKnownFileType = sourcecode.swift; path = GSError.swift; sourceTree = "<group>"; };
		67D1EC7B2C6E5B4400A2A2B6 /* GSAlertVC.swift */ = {isa = PBXFileReference; lastKnownFileType = sourcecode.swift; path = GSAlertVC.swift; sourceTree = "<group>"; };
		67D1EC7E2C6E5B5F00A2A2B6 /* GSAlertContainerView.swift */ = {isa = PBXFileReference; lastKnownFileType = sourcecode.swift; path = GSAlertContainerView.swift; sourceTree = "<group>"; };
		67D1EC832C6E5BDB00A2A2B6 /* GSTitleLabel.swift */ = {isa = PBXFileReference; lastKnownFileType = sourcecode.swift; path = GSTitleLabel.swift; sourceTree = "<group>"; };
		67D1EC852C6E5BF400A2A2B6 /* GSBodyLabel.swift */ = {isa = PBXFileReference; lastKnownFileType = sourcecode.swift; path = GSBodyLabel.swift; sourceTree = "<group>"; };
		67D1EC872C6E5C8100A2A2B6 /* GSButton.swift */ = {isa = PBXFileReference; lastKnownFileType = sourcecode.swift; path = GSButton.swift; sourceTree = "<group>"; };
		67D1EC8A2C6E5D3100A2A2B6 /* UIView+Ext.swift */ = {isa = PBXFileReference; lastKnownFileType = sourcecode.swift; path = "UIView+Ext.swift"; sourceTree = "<group>"; };
		67D1EC8C2C6E5E7500A2A2B6 /* UIViewController+Ext.swift */ = {isa = PBXFileReference; lastKnownFileType = sourcecode.swift; path = "UIViewController+Ext.swift"; sourceTree = "<group>"; };
		67D1EC8F2C6E604F00A2A2B6 /* GSDataLoadingVC.swift */ = {isa = PBXFileReference; lastKnownFileType = sourcecode.swift; path = GSDataLoadingVC.swift; sourceTree = "<group>"; };
		67D1EC932C6E71E200A2A2B6 /* GSCollectionView.swift */ = {isa = PBXFileReference; lastKnownFileType = sourcecode.swift; path = GSCollectionView.swift; sourceTree = "<group>"; };
		67D1EC952C6E72E700A2A2B6 /* AppLayout.swift */ = {isa = PBXFileReference; lastKnownFileType = sourcecode.swift; path = AppLayout.swift; sourceTree = "<group>"; };
/* End PBXFileReference section */

/* Begin PBXFrameworksBuildPhase section */
		67D1EC362C6E37A700A2A2B6 /* Frameworks */ = {
			isa = PBXFrameworksBuildPhase;
			buildActionMask = 2147483647;
			files = (
			);
			runOnlyForDeploymentPostprocessing = 0;
		};
		67D1EC4C2C6E37A800A2A2B6 /* Frameworks */ = {
			isa = PBXFrameworksBuildPhase;
			buildActionMask = 2147483647;
			files = (
			);
			runOnlyForDeploymentPostprocessing = 0;
		};
		67D1EC562C6E37A800A2A2B6 /* Frameworks */ = {
			isa = PBXFrameworksBuildPhase;
			buildActionMask = 2147483647;
			files = (
			);
			runOnlyForDeploymentPostprocessing = 0;
		};
/* End PBXFrameworksBuildPhase section */

/* Begin PBXGroup section */
		67D1EC302C6E37A700A2A2B6 = {
			isa = PBXGroup;
			children = (
				67D1EC3B2C6E37A700A2A2B6 /* GymShark */,
				67D1EC522C6E37A800A2A2B6 /* GymSharkTests */,
				67D1EC5C2C6E37A800A2A2B6 /* GymSharkUITests */,
				67D1EC3A2C6E37A700A2A2B6 /* Products */,
			);
			sourceTree = "<group>";
		};
		67D1EC3A2C6E37A700A2A2B6 /* Products */ = {
			isa = PBXGroup;
			children = (
				67D1EC392C6E37A700A2A2B6 /* GymShark.app */,
				67D1EC4F2C6E37A800A2A2B6 /* GymSharkTests.xctest */,
				67D1EC592C6E37A800A2A2B6 /* GymSharkUITests.xctest */,
			);
			name = Products;
			sourceTree = "<group>";
		};
		67D1EC3B2C6E37A700A2A2B6 /* GymShark */ = {
			isa = PBXGroup;
			children = (
				67D1EC702C6E3D9900A2A2B6 /* Managers */,
				67D1EC912C6E62C300A2A2B6 /* ViewModels */,
				67D1EC6F2C6E3D8F00A2A2B6 /* Models */,
				67D1EC712C6E3DBC00A2A2B6 /* Utilities */,
				67D1EC892C6E5CFE00A2A2B6 /* Extensions */,
				67D1EC6E2C6E3D0300A2A2B6 /* CustomViews */,
				67D1EC6C2C6E380300A2A2B6 /* Screens */,
				67D1EC6D2C6E38A700A2A2B6 /* Support */,
				67D1EC4A2C6E37A800A2A2B6 /* Info.plist */,
			);
			path = GymShark;
			sourceTree = "<group>";
		};
		67D1EC522C6E37A800A2A2B6 /* GymSharkTests */ = {
			isa = PBXGroup;
			children = (
				67D1EC532C6E37A800A2A2B6 /* GymSharkTests.swift */,
			);
			path = GymSharkTests;
			sourceTree = "<group>";
		};
		67D1EC5C2C6E37A800A2A2B6 /* GymSharkUITests */ = {
			isa = PBXGroup;
			children = (
				67D1EC5D2C6E37A800A2A2B6 /* GymSharkUITests.swift */,
				67D1EC5F2C6E37A800A2A2B6 /* GymSharkUITestsLaunchTests.swift */,
			);
			path = GymSharkUITests;
			sourceTree = "<group>";
		};
		67D1EC6C2C6E380300A2A2B6 /* Screens */ = {
			isa = PBXGroup;
			children = (
				67D1EC402C6E37A700A2A2B6 /* ViewController.swift */,
			);
			path = Screens;
			sourceTree = "<group>";
		};
		67D1EC6D2C6E38A700A2A2B6 /* Support */ = {
			isa = PBXGroup;
			children = (
				67D1EC3C2C6E37A700A2A2B6 /* AppDelegate.swift */,
				67D1EC3E2C6E37A700A2A2B6 /* SceneDelegate.swift */,
				67D1EC452C6E37A800A2A2B6 /* Assets.xcassets */,
				67D1EC472C6E37A800A2A2B6 /* LaunchScreen.storyboard */,
			);
			path = Support;
			sourceTree = "<group>";
		};
		67D1EC6E2C6E3D0300A2A2B6 /* CustomViews */ = {
			isa = PBXGroup;
			children = (
				67D1EC922C6E660D00A2A2B6 /* CollectionViews */,
				67D1EC8E2C6E5EED00A2A2B6 /* AlertControllers */,
				67D1EC822C6E5BAB00A2A2B6 /* ImageViews */,
				67D1EC812C6E5BA400A2A2B6 /* Buttons */,
				67D1EC802C6E5B9A00A2A2B6 /* Labels */,
				67D1EC7D2C6E5B4800A2A2B6 /* Views */,
				67D1EC7A2C6E5AC200A2A2B6 /* ViewControllers */,
			);
			path = CustomViews;
			sourceTree = "<group>";
		};
		67D1EC6F2C6E3D8F00A2A2B6 /* Models */ = {
			isa = PBXGroup;
			children = (
				67D1EC742C6E45A500A2A2B6 /* GymsharkProducts.swift */,
			);
			path = Models;
			sourceTree = "<group>";
		};
		67D1EC702C6E3D9900A2A2B6 /* Managers */ = {
			isa = PBXGroup;
			children = (
				67D1EC722C6E3DD100A2A2B6 /* NetworkManager.swift */,
			);
			path = Managers;
			sourceTree = "<group>";
		};
		67D1EC712C6E3DBC00A2A2B6 /* Utilities */ = {
			isa = PBXGroup;
			children = (
				67D1EC762C6E49B200A2A2B6 /* Constants.swift */,
				67D1EC782C6E4A6000A2A2B6 /* GSError.swift */,
				67D1EC952C6E72E700A2A2B6 /* AppLayout.swift */,
			);
			path = Utilities;
			sourceTree = "<group>";
		};
		67D1EC7A2C6E5AC200A2A2B6 /* ViewControllers */ = {
			isa = PBXGroup;
			children = (
				67D1EC8F2C6E604F00A2A2B6 /* GSDataLoadingVC.swift */,
			);
			path = ViewControllers;
			sourceTree = "<group>";
		};
		67D1EC7D2C6E5B4800A2A2B6 /* Views */ = {
			isa = PBXGroup;
			children = (
			);
			path = Views;
			sourceTree = "<group>";
		};
		67D1EC802C6E5B9A00A2A2B6 /* Labels */ = {
			isa = PBXGroup;
			children = (
				67D1EC832C6E5BDB00A2A2B6 /* GSTitleLabel.swift */,
				67D1EC852C6E5BF400A2A2B6 /* GSBodyLabel.swift */,
			);
			path = Labels;
			sourceTree = "<group>";
		};
		67D1EC812C6E5BA400A2A2B6 /* Buttons */ = {
			isa = PBXGroup;
			children = (
				67D1EC872C6E5C8100A2A2B6 /* GSButton.swift */,
			);
			path = Buttons;
			sourceTree = "<group>";
		};
		67D1EC822C6E5BAB00A2A2B6 /* ImageViews */ = {
			isa = PBXGroup;
			children = (
			);
			path = ImageViews;
			sourceTree = "<group>";
		};
		67D1EC892C6E5CFE00A2A2B6 /* Extensions */ = {
			isa = PBXGroup;
			children = (
				67D1EC8A2C6E5D3100A2A2B6 /* UIView+Ext.swift */,
				67D1EC8C2C6E5E7500A2A2B6 /* UIViewController+Ext.swift */,
			);
			path = Extensions;
			sourceTree = "<group>";
		};
		67D1EC8E2C6E5EED00A2A2B6 /* AlertControllers */ = {
			isa = PBXGroup;
			children = (
				67D1EC7E2C6E5B5F00A2A2B6 /* GSAlertContainerView.swift */,
				67D1EC7B2C6E5B4400A2A2B6 /* GSAlertVC.swift */,
			);
			path = AlertControllers;
			sourceTree = "<group>";
		};
		67D1EC912C6E62C300A2A2B6 /* ViewModels */ = {
			isa = PBXGroup;
			children = (
			);
			path = ViewModels;
			sourceTree = "<group>";
		};
		67D1EC922C6E660D00A2A2B6 /* CollectionViews */ = {
			isa = PBXGroup;
			children = (
				67D1EC932C6E71E200A2A2B6 /* GSCollectionView.swift */,
			);
			path = CollectionViews;
			sourceTree = "<group>";
		};
/* End PBXGroup section */

/* Begin PBXNativeTarget section */
		67D1EC382C6E37A700A2A2B6 /* GymShark */ = {
			isa = PBXNativeTarget;
			buildConfigurationList = 67D1EC632C6E37A800A2A2B6 /* Build configuration list for PBXNativeTarget "GymShark" */;
			buildPhases = (
				67D1EC352C6E37A700A2A2B6 /* Sources */,
				67D1EC362C6E37A700A2A2B6 /* Frameworks */,
				67D1EC372C6E37A700A2A2B6 /* Resources */,
			);
			buildRules = (
			);
			dependencies = (
			);
			name = GymShark;
			productName = GymShark;
			productReference = 67D1EC392C6E37A700A2A2B6 /* GymShark.app */;
			productType = "com.apple.product-type.application";
		};
		67D1EC4E2C6E37A800A2A2B6 /* GymSharkTests */ = {
			isa = PBXNativeTarget;
			buildConfigurationList = 67D1EC662C6E37A800A2A2B6 /* Build configuration list for PBXNativeTarget "GymSharkTests" */;
			buildPhases = (
				67D1EC4B2C6E37A800A2A2B6 /* Sources */,
				67D1EC4C2C6E37A800A2A2B6 /* Frameworks */,
				67D1EC4D2C6E37A800A2A2B6 /* Resources */,
			);
			buildRules = (
			);
			dependencies = (
				67D1EC512C6E37A800A2A2B6 /* PBXTargetDependency */,
			);
			name = GymSharkTests;
			productName = GymSharkTests;
			productReference = 67D1EC4F2C6E37A800A2A2B6 /* GymSharkTests.xctest */;
			productType = "com.apple.product-type.bundle.unit-test";
		};
		67D1EC582C6E37A800A2A2B6 /* GymSharkUITests */ = {
			isa = PBXNativeTarget;
			buildConfigurationList = 67D1EC692C6E37A800A2A2B6 /* Build configuration list for PBXNativeTarget "GymSharkUITests" */;
			buildPhases = (
				67D1EC552C6E37A800A2A2B6 /* Sources */,
				67D1EC562C6E37A800A2A2B6 /* Frameworks */,
				67D1EC572C6E37A800A2A2B6 /* Resources */,
			);
			buildRules = (
			);
			dependencies = (
				67D1EC5B2C6E37A800A2A2B6 /* PBXTargetDependency */,
			);
			name = GymSharkUITests;
			productName = GymSharkUITests;
			productReference = 67D1EC592C6E37A800A2A2B6 /* GymSharkUITests.xctest */;
			productType = "com.apple.product-type.bundle.ui-testing";
		};
/* End PBXNativeTarget section */

/* Begin PBXProject section */
		67D1EC312C6E37A700A2A2B6 /* Project object */ = {
			isa = PBXProject;
			attributes = {
				BuildIndependentTargetsInParallel = 1;
				LastSwiftUpdateCheck = 1540;
				LastUpgradeCheck = 1540;
				TargetAttributes = {
					67D1EC382C6E37A700A2A2B6 = {
						CreatedOnToolsVersion = 15.4;
					};
					67D1EC4E2C6E37A800A2A2B6 = {
						CreatedOnToolsVersion = 15.4;
						TestTargetID = 67D1EC382C6E37A700A2A2B6;
					};
					67D1EC582C6E37A800A2A2B6 = {
						CreatedOnToolsVersion = 15.4;
						TestTargetID = 67D1EC382C6E37A700A2A2B6;
					};
				};
			};
			buildConfigurationList = 67D1EC342C6E37A700A2A2B6 /* Build configuration list for PBXProject "GymShark" */;
			compatibilityVersion = "Xcode 14.0";
			developmentRegion = en;
			hasScannedForEncodings = 0;
			knownRegions = (
				en,
				Base,
			);
			mainGroup = 67D1EC302C6E37A700A2A2B6;
			productRefGroup = 67D1EC3A2C6E37A700A2A2B6 /* Products */;
			projectDirPath = "";
			projectRoot = "";
			targets = (
				67D1EC382C6E37A700A2A2B6 /* GymShark */,
				67D1EC4E2C6E37A800A2A2B6 /* GymSharkTests */,
				67D1EC582C6E37A800A2A2B6 /* GymSharkUITests */,
			);
		};
/* End PBXProject section */

/* Begin PBXResourcesBuildPhase section */
		67D1EC372C6E37A700A2A2B6 /* Resources */ = {
			isa = PBXResourcesBuildPhase;
			buildActionMask = 2147483647;
			files = (
				67D1EC462C6E37A800A2A2B6 /* Assets.xcassets in Resources */,
				67D1EC492C6E37A800A2A2B6 /* Base in Resources */,
			);
			runOnlyForDeploymentPostprocessing = 0;
		};
		67D1EC4D2C6E37A800A2A2B6 /* Resources */ = {
			isa = PBXResourcesBuildPhase;
			buildActionMask = 2147483647;
			files = (
			);
			runOnlyForDeploymentPostprocessing = 0;
		};
		67D1EC572C6E37A800A2A2B6 /* Resources */ = {
			isa = PBXResourcesBuildPhase;
			buildActionMask = 2147483647;
			files = (
			);
			runOnlyForDeploymentPostprocessing = 0;
		};
/* End PBXResourcesBuildPhase section */

/* Begin PBXSourcesBuildPhase section */
		67D1EC352C6E37A700A2A2B6 /* Sources */ = {
			isa = PBXSourcesBuildPhase;
			buildActionMask = 2147483647;
			files = (
				67D1EC732C6E3DD100A2A2B6 /* NetworkManager.swift in Sources */,
				67D1EC962C6E72E700A2A2B6 /* AppLayout.swift in Sources */,
				67D1EC8B2C6E5D3100A2A2B6 /* UIView+Ext.swift in Sources */,
				67D1EC942C6E71E200A2A2B6 /* GSCollectionView.swift in Sources */,
				67D1EC8D2C6E5E7500A2A2B6 /* UIViewController+Ext.swift in Sources */,
				67D1EC412C6E37A700A2A2B6 /* ViewController.swift in Sources */,
				67D1EC3D2C6E37A700A2A2B6 /* AppDelegate.swift in Sources */,
				67D1EC882C6E5C8100A2A2B6 /* GSButton.swift in Sources */,
				67D1EC792C6E4A6000A2A2B6 /* GSError.swift in Sources */,
				67D1EC3F2C6E37A700A2A2B6 /* SceneDelegate.swift in Sources */,
				67D1EC862C6E5BF400A2A2B6 /* GSBodyLabel.swift in Sources */,
				67D1EC7C2C6E5B4400A2A2B6 /* GSAlertVC.swift in Sources */,
				67D1EC752C6E45A500A2A2B6 /* GymsharkProducts.swift in Sources */,
				67D1EC842C6E5BDB00A2A2B6 /* GSTitleLabel.swift in Sources */,
				67D1EC772C6E49B200A2A2B6 /* Constants.swift in Sources */,
				67D1EC7F2C6E5B5F00A2A2B6 /* GSAlertContainerView.swift in Sources */,
				67D1EC902C6E604F00A2A2B6 /* GSDataLoadingVC.swift in Sources */,
			);
			runOnlyForDeploymentPostprocessing = 0;
		};
		67D1EC4B2C6E37A800A2A2B6 /* Sources */ = {
			isa = PBXSourcesBuildPhase;
			buildActionMask = 2147483647;
			files = (
				67D1EC542C6E37A800A2A2B6 /* GymSharkTests.swift in Sources */,
			);
			runOnlyForDeploymentPostprocessing = 0;
		};
		67D1EC552C6E37A800A2A2B6 /* Sources */ = {
			isa = PBXSourcesBuildPhase;
			buildActionMask = 2147483647;
			files = (
				67D1EC602C6E37A800A2A2B6 /* GymSharkUITestsLaunchTests.swift in Sources */,
				67D1EC5E2C6E37A800A2A2B6 /* GymSharkUITests.swift in Sources */,
			);
			runOnlyForDeploymentPostprocessing = 0;
		};
/* End PBXSourcesBuildPhase section */

/* Begin PBXTargetDependency section */
		67D1EC512C6E37A800A2A2B6 /* PBXTargetDependency */ = {
			isa = PBXTargetDependency;
			target = 67D1EC382C6E37A700A2A2B6 /* GymShark */;
			targetProxy = 67D1EC502C6E37A800A2A2B6 /* PBXContainerItemProxy */;
		};
		67D1EC5B2C6E37A800A2A2B6 /* PBXTargetDependency */ = {
			isa = PBXTargetDependency;
			target = 67D1EC382C6E37A700A2A2B6 /* GymShark */;
			targetProxy = 67D1EC5A2C6E37A800A2A2B6 /* PBXContainerItemProxy */;
		};
/* End PBXTargetDependency section */

/* Begin PBXVariantGroup section */
		67D1EC472C6E37A800A2A2B6 /* LaunchScreen.storyboard */ = {
			isa = PBXVariantGroup;
			children = (
				67D1EC482C6E37A800A2A2B6 /* Base */,
			);
			name = LaunchScreen.storyboard;
			sourceTree = "<group>";
		};
/* End PBXVariantGroup section */

/* Begin XCBuildConfiguration section */
		67D1EC612C6E37A800A2A2B6 /* Debug */ = {
			isa = XCBuildConfiguration;
			buildSettings = {
				ALWAYS_SEARCH_USER_PATHS = NO;
				ASSETCATALOG_COMPILER_GENERATE_SWIFT_ASSET_SYMBOL_EXTENSIONS = YES;
				CLANG_ANALYZER_NONNULL = YES;
				CLANG_ANALYZER_NUMBER_OBJECT_CONVERSION = YES_AGGRESSIVE;
				CLANG_CXX_LANGUAGE_STANDARD = "gnu++20";
				CLANG_ENABLE_MODULES = YES;
				CLANG_ENABLE_OBJC_ARC = YES;
				CLANG_ENABLE_OBJC_WEAK = YES;
				CLANG_WARN_BLOCK_CAPTURE_AUTORELEASING = YES;
				CLANG_WARN_BOOL_CONVERSION = YES;
				CLANG_WARN_COMMA = YES;
				CLANG_WARN_CONSTANT_CONVERSION = YES;
				CLANG_WARN_DEPRECATED_OBJC_IMPLEMENTATIONS = YES;
				CLANG_WARN_DIRECT_OBJC_ISA_USAGE = YES_ERROR;
				CLANG_WARN_DOCUMENTATION_COMMENTS = YES;
				CLANG_WARN_EMPTY_BODY = YES;
				CLANG_WARN_ENUM_CONVERSION = YES;
				CLANG_WARN_INFINITE_RECURSION = YES;
				CLANG_WARN_INT_CONVERSION = YES;
				CLANG_WARN_NON_LITERAL_NULL_CONVERSION = YES;
				CLANG_WARN_OBJC_IMPLICIT_RETAIN_SELF = YES;
				CLANG_WARN_OBJC_LITERAL_CONVERSION = YES;
				CLANG_WARN_OBJC_ROOT_CLASS = YES_ERROR;
				CLANG_WARN_QUOTED_INCLUDE_IN_FRAMEWORK_HEADER = YES;
				CLANG_WARN_RANGE_LOOP_ANALYSIS = YES;
				CLANG_WARN_STRICT_PROTOTYPES = YES;
				CLANG_WARN_SUSPICIOUS_MOVE = YES;
				CLANG_WARN_UNGUARDED_AVAILABILITY = YES_AGGRESSIVE;
				CLANG_WARN_UNREACHABLE_CODE = YES;
				CLANG_WARN__DUPLICATE_METHOD_MATCH = YES;
				COPY_PHASE_STRIP = NO;
				DEBUG_INFORMATION_FORMAT = dwarf;
				ENABLE_STRICT_OBJC_MSGSEND = YES;
				ENABLE_TESTABILITY = YES;
				ENABLE_USER_SCRIPT_SANDBOXING = YES;
				GCC_C_LANGUAGE_STANDARD = gnu17;
				GCC_DYNAMIC_NO_PIC = NO;
				GCC_NO_COMMON_BLOCKS = YES;
				GCC_OPTIMIZATION_LEVEL = 0;
				GCC_PREPROCESSOR_DEFINITIONS = (
					"DEBUG=1",
					"$(inherited)",
				);
				GCC_WARN_64_TO_32_BIT_CONVERSION = YES;
				GCC_WARN_ABOUT_RETURN_TYPE = YES_ERROR;
				GCC_WARN_UNDECLARED_SELECTOR = YES;
				GCC_WARN_UNINITIALIZED_AUTOS = YES_AGGRESSIVE;
				GCC_WARN_UNUSED_FUNCTION = YES;
				GCC_WARN_UNUSED_VARIABLE = YES;
				IPHONEOS_DEPLOYMENT_TARGET = 17.5;
				LOCALIZATION_PREFERS_STRING_CATALOGS = YES;
				MTL_ENABLE_DEBUG_INFO = INCLUDE_SOURCE;
				MTL_FAST_MATH = YES;
				ONLY_ACTIVE_ARCH = YES;
				SDKROOT = iphoneos;
				SWIFT_ACTIVE_COMPILATION_CONDITIONS = "DEBUG $(inherited)";
				SWIFT_OPTIMIZATION_LEVEL = "-Onone";
			};
			name = Debug;
		};
		67D1EC622C6E37A800A2A2B6 /* Release */ = {
			isa = XCBuildConfiguration;
			buildSettings = {
				ALWAYS_SEARCH_USER_PATHS = NO;
				ASSETCATALOG_COMPILER_GENERATE_SWIFT_ASSET_SYMBOL_EXTENSIONS = YES;
				CLANG_ANALYZER_NONNULL = YES;
				CLANG_ANALYZER_NUMBER_OBJECT_CONVERSION = YES_AGGRESSIVE;
				CLANG_CXX_LANGUAGE_STANDARD = "gnu++20";
				CLANG_ENABLE_MODULES = YES;
				CLANG_ENABLE_OBJC_ARC = YES;
				CLANG_ENABLE_OBJC_WEAK = YES;
				CLANG_WARN_BLOCK_CAPTURE_AUTORELEASING = YES;
				CLANG_WARN_BOOL_CONVERSION = YES;
				CLANG_WARN_COMMA = YES;
				CLANG_WARN_CONSTANT_CONVERSION = YES;
				CLANG_WARN_DEPRECATED_OBJC_IMPLEMENTATIONS = YES;
				CLANG_WARN_DIRECT_OBJC_ISA_USAGE = YES_ERROR;
				CLANG_WARN_DOCUMENTATION_COMMENTS = YES;
				CLANG_WARN_EMPTY_BODY = YES;
				CLANG_WARN_ENUM_CONVERSION = YES;
				CLANG_WARN_INFINITE_RECURSION = YES;
				CLANG_WARN_INT_CONVERSION = YES;
				CLANG_WARN_NON_LITERAL_NULL_CONVERSION = YES;
				CLANG_WARN_OBJC_IMPLICIT_RETAIN_SELF = YES;
				CLANG_WARN_OBJC_LITERAL_CONVERSION = YES;
				CLANG_WARN_OBJC_ROOT_CLASS = YES_ERROR;
				CLANG_WARN_QUOTED_INCLUDE_IN_FRAMEWORK_HEADER = YES;
				CLANG_WARN_RANGE_LOOP_ANALYSIS = YES;
				CLANG_WARN_STRICT_PROTOTYPES = YES;
				CLANG_WARN_SUSPICIOUS_MOVE = YES;
				CLANG_WARN_UNGUARDED_AVAILABILITY = YES_AGGRESSIVE;
				CLANG_WARN_UNREACHABLE_CODE = YES;
				CLANG_WARN__DUPLICATE_METHOD_MATCH = YES;
				COPY_PHASE_STRIP = NO;
				DEBUG_INFORMATION_FORMAT = "dwarf-with-dsym";
				ENABLE_NS_ASSERTIONS = NO;
				ENABLE_STRICT_OBJC_MSGSEND = YES;
				ENABLE_USER_SCRIPT_SANDBOXING = YES;
				GCC_C_LANGUAGE_STANDARD = gnu17;
				GCC_NO_COMMON_BLOCKS = YES;
				GCC_WARN_64_TO_32_BIT_CONVERSION = YES;
				GCC_WARN_ABOUT_RETURN_TYPE = YES_ERROR;
				GCC_WARN_UNDECLARED_SELECTOR = YES;
				GCC_WARN_UNINITIALIZED_AUTOS = YES_AGGRESSIVE;
				GCC_WARN_UNUSED_FUNCTION = YES;
				GCC_WARN_UNUSED_VARIABLE = YES;
				IPHONEOS_DEPLOYMENT_TARGET = 17.5;
				LOCALIZATION_PREFERS_STRING_CATALOGS = YES;
				MTL_ENABLE_DEBUG_INFO = NO;
				MTL_FAST_MATH = YES;
				SDKROOT = iphoneos;
				SWIFT_COMPILATION_MODE = wholemodule;
				VALIDATE_PRODUCT = YES;
			};
			name = Release;
		};
		67D1EC642C6E37A800A2A2B6 /* Debug */ = {
			isa = XCBuildConfiguration;
			buildSettings = {
				ASSETCATALOG_COMPILER_APPICON_NAME = AppIcon;
				ASSETCATALOG_COMPILER_GLOBAL_ACCENT_COLOR_NAME = AccentColor;
				CODE_SIGN_STYLE = Automatic;
				CURRENT_PROJECT_VERSION = 1;
				DEVELOPMENT_TEAM = 68Z27E7S2D;
				GENERATE_INFOPLIST_FILE = YES;
				INFOPLIST_FILE = GymShark/Info.plist;
				INFOPLIST_KEY_UIApplicationSupportsIndirectInputEvents = YES;
				INFOPLIST_KEY_UILaunchStoryboardName = LaunchScreen;
				INFOPLIST_KEY_UISupportedInterfaceOrientations_iPad = "UIInterfaceOrientationPortrait UIInterfaceOrientationPortraitUpsideDown UIInterfaceOrientationLandscapeLeft UIInterfaceOrientationLandscapeRight";
				INFOPLIST_KEY_UISupportedInterfaceOrientations_iPhone = "UIInterfaceOrientationPortrait UIInterfaceOrientationLandscapeLeft UIInterfaceOrientationLandscapeRight";
				LD_RUNPATH_SEARCH_PATHS = (
					"$(inherited)",
					"@executable_path/Frameworks",
				);
				MARKETING_VERSION = 1.0;
				PRODUCT_BUNDLE_IDENTIFIER = com.GymShark;
				PRODUCT_NAME = "$(TARGET_NAME)";
				SUPPORTED_PLATFORMS = "iphoneos iphonesimulator";
				SUPPORTS_MACCATALYST = NO;
				SUPPORTS_MAC_DESIGNED_FOR_IPHONE_IPAD = NO;
				SUPPORTS_XR_DESIGNED_FOR_IPHONE_IPAD = NO;
				SWIFT_EMIT_LOC_STRINGS = YES;
				SWIFT_VERSION = 5.0;
				TARGETED_DEVICE_FAMILY = "1,2";
			};
			name = Debug;
		};
		67D1EC652C6E37A800A2A2B6 /* Release */ = {
			isa = XCBuildConfiguration;
			buildSettings = {
				ASSETCATALOG_COMPILER_APPICON_NAME = AppIcon;
				ASSETCATALOG_COMPILER_GLOBAL_ACCENT_COLOR_NAME = AccentColor;
				CODE_SIGN_STYLE = Automatic;
				CURRENT_PROJECT_VERSION = 1;
				DEVELOPMENT_TEAM = 68Z27E7S2D;
				GENERATE_INFOPLIST_FILE = YES;
				INFOPLIST_FILE = GymShark/Info.plist;
				INFOPLIST_KEY_UIApplicationSupportsIndirectInputEvents = YES;
				INFOPLIST_KEY_UILaunchStoryboardName = LaunchScreen;
				INFOPLIST_KEY_UISupportedInterfaceOrientations_iPad = "UIInterfaceOrientationPortrait UIInterfaceOrientationPortraitUpsideDown UIInterfaceOrientationLandscapeLeft UIInterfaceOrientationLandscapeRight";
				INFOPLIST_KEY_UISupportedInterfaceOrientations_iPhone = "UIInterfaceOrientationPortrait UIInterfaceOrientationLandscapeLeft UIInterfaceOrientationLandscapeRight";
				LD_RUNPATH_SEARCH_PATHS = (
					"$(inherited)",
					"@executable_path/Frameworks",
				);
				MARKETING_VERSION = 1.0;
				PRODUCT_BUNDLE_IDENTIFIER = com.GymShark;
				PRODUCT_NAME = "$(TARGET_NAME)";
				SUPPORTED_PLATFORMS = "iphoneos iphonesimulator";
				SUPPORTS_MACCATALYST = NO;
				SUPPORTS_MAC_DESIGNED_FOR_IPHONE_IPAD = NO;
				SUPPORTS_XR_DESIGNED_FOR_IPHONE_IPAD = NO;
				SWIFT_EMIT_LOC_STRINGS = YES;
				SWIFT_VERSION = 5.0;
				TARGETED_DEVICE_FAMILY = "1,2";
			};
			name = Release;
		};
		67D1EC672C6E37A800A2A2B6 /* Debug */ = {
			isa = XCBuildConfiguration;
			buildSettings = {
				ALWAYS_EMBED_SWIFT_STANDARD_LIBRARIES = YES;
				BUNDLE_LOADER = "$(TEST_HOST)";
				CODE_SIGN_STYLE = Automatic;
				CURRENT_PROJECT_VERSION = 1;
				DEVELOPMENT_TEAM = 68Z27E7S2D;
				GENERATE_INFOPLIST_FILE = YES;
				IPHONEOS_DEPLOYMENT_TARGET = 17.5;
				MARKETING_VERSION = 1.0;
				PRODUCT_BUNDLE_IDENTIFIER = com.GymSharkTests;
				PRODUCT_NAME = "$(TARGET_NAME)";
				SWIFT_EMIT_LOC_STRINGS = NO;
				SWIFT_VERSION = 5.0;
				TARGETED_DEVICE_FAMILY = "1,2";
				TEST_HOST = "$(BUILT_PRODUCTS_DIR)/GymShark.app/$(BUNDLE_EXECUTABLE_FOLDER_PATH)/GymShark";
			};
			name = Debug;
		};
		67D1EC682C6E37A800A2A2B6 /* Release */ = {
			isa = XCBuildConfiguration;
			buildSettings = {
				ALWAYS_EMBED_SWIFT_STANDARD_LIBRARIES = YES;
				BUNDLE_LOADER = "$(TEST_HOST)";
				CODE_SIGN_STYLE = Automatic;
				CURRENT_PROJECT_VERSION = 1;
				DEVELOPMENT_TEAM = 68Z27E7S2D;
				GENERATE_INFOPLIST_FILE = YES;
				IPHONEOS_DEPLOYMENT_TARGET = 17.5;
				MARKETING_VERSION = 1.0;
				PRODUCT_BUNDLE_IDENTIFIER = com.GymSharkTests;
				PRODUCT_NAME = "$(TARGET_NAME)";
				SWIFT_EMIT_LOC_STRINGS = NO;
				SWIFT_VERSION = 5.0;
				TARGETED_DEVICE_FAMILY = "1,2";
				TEST_HOST = "$(BUILT_PRODUCTS_DIR)/GymShark.app/$(BUNDLE_EXECUTABLE_FOLDER_PATH)/GymShark";
			};
			name = Release;
		};
		67D1EC6A2C6E37A800A2A2B6 /* Debug */ = {
			isa = XCBuildConfiguration;
			buildSettings = {
				ALWAYS_EMBED_SWIFT_STANDARD_LIBRARIES = YES;
				CODE_SIGN_STYLE = Automatic;
				CURRENT_PROJECT_VERSION = 1;
				DEVELOPMENT_TEAM = 68Z27E7S2D;
				GENERATE_INFOPLIST_FILE = YES;
				MARKETING_VERSION = 1.0;
				PRODUCT_BUNDLE_IDENTIFIER = com.GymSharkUITests;
				PRODUCT_NAME = "$(TARGET_NAME)";
				SWIFT_EMIT_LOC_STRINGS = NO;
				SWIFT_VERSION = 5.0;
				TARGETED_DEVICE_FAMILY = "1,2";
				TEST_TARGET_NAME = GymShark;
			};
			name = Debug;
		};
		67D1EC6B2C6E37A800A2A2B6 /* Release */ = {
			isa = XCBuildConfiguration;
			buildSettings = {
				ALWAYS_EMBED_SWIFT_STANDARD_LIBRARIES = YES;
				CODE_SIGN_STYLE = Automatic;
				CURRENT_PROJECT_VERSION = 1;
				DEVELOPMENT_TEAM = 68Z27E7S2D;
				GENERATE_INFOPLIST_FILE = YES;
				MARKETING_VERSION = 1.0;
				PRODUCT_BUNDLE_IDENTIFIER = com.GymSharkUITests;
				PRODUCT_NAME = "$(TARGET_NAME)";
				SWIFT_EMIT_LOC_STRINGS = NO;
				SWIFT_VERSION = 5.0;
				TARGETED_DEVICE_FAMILY = "1,2";
				TEST_TARGET_NAME = GymShark;
			};
			name = Release;
		};
/* End XCBuildConfiguration section */

/* Begin XCConfigurationList section */
		67D1EC342C6E37A700A2A2B6 /* Build configuration list for PBXProject "GymShark" */ = {
			isa = XCConfigurationList;
			buildConfigurations = (
				67D1EC612C6E37A800A2A2B6 /* Debug */,
				67D1EC622C6E37A800A2A2B6 /* Release */,
			);
			defaultConfigurationIsVisible = 0;
			defaultConfigurationName = Release;
		};
		67D1EC632C6E37A800A2A2B6 /* Build configuration list for PBXNativeTarget "GymShark" */ = {
			isa = XCConfigurationList;
			buildConfigurations = (
				67D1EC642C6E37A800A2A2B6 /* Debug */,
				67D1EC652C6E37A800A2A2B6 /* Release */,
			);
			defaultConfigurationIsVisible = 0;
			defaultConfigurationName = Release;
		};
		67D1EC662C6E37A800A2A2B6 /* Build configuration list for PBXNativeTarget "GymSharkTests" */ = {
			isa = XCConfigurationList;
			buildConfigurations = (
				67D1EC672C6E37A800A2A2B6 /* Debug */,
				67D1EC682C6E37A800A2A2B6 /* Release */,
			);
			defaultConfigurationIsVisible = 0;
			defaultConfigurationName = Release;
		};
		67D1EC692C6E37A800A2A2B6 /* Build configuration list for PBXNativeTarget "GymSharkUITests" */ = {
			isa = XCConfigurationList;
			buildConfigurations = (
				67D1EC6A2C6E37A800A2A2B6 /* Debug */,
				67D1EC6B2C6E37A800A2A2B6 /* Release */,
			);
			defaultConfigurationIsVisible = 0;
			defaultConfigurationName = Release;
		};
/* End XCConfigurationList section */
	};
	rootObject = 67D1EC312C6E37A700A2A2B6 /* Project object */;
}
